
Microsoft Visual Studio Solution File, Format Version 12.00
# Visual Studio Version 17
VisualStudioVersion = 17.7.34221.43
MinimumVisualStudioVersion = 10.0.40219.1
Project("{9A19103F-16F7-4668-BE54-9A1E7A4F7556}") = "ex1", "exercicios\ex1.csproj", "{934AF483-7D49-4C6C-91AC-6858183DE693}"
EndProject
Project("{9A19103F-16F7-4668-BE54-9A1E7A4F7556}") = "ex2&3", "ex2\ex2&3.csproj", "{BBAC2AB3-4EA6-4C95-A059-874DF875AE53}"
EndProject
Project("{9A19103F-16F7-4668-BE54-9A1E7A4F7556}") = "ex4", "ex4\ex4.csproj", "{DA54451C-8DFC-4624-A50F-2E7963ECE506}"
EndProject
Project("{9A19103F-16F7-4668-BE54-9A1E7A4F7556}") = "ex5", "ex5\ex5.csproj", "{074C2048-8E92-4A35-BAEF-0016FA02CED5}"
EndProject
Project("{9A19103F-16F7-4668-BE54-9A1E7A4F7556}") = "ex6", "ex6\ex6.csproj", "{81F60BD6-E8DE-41D0-AD83-8E12F2BCBD19}"
EndProject
Project("{9A19103F-16F7-4668-BE54-9A1E7A4F7556}") = "ex7", "ex7\ex7.csproj", "{5A26DA94-CDB6-4C8F-A210-607A30C27526}"
EndProject
Project("{9A19103F-16F7-4668-BE54-9A1E7A4F7556}") = "ex8", "ex8\ex8.csproj", "{4FFD581A-7B6C-4625-9FA6-E35F734EBBC2}"
EndProject
Project("{9A19103F-16F7-4668-BE54-9A1E7A4F7556}") = "ex9", "ex9\ex9.csproj", "{4B3B7DFB-DAFD-49CF-9573-260174429D6D}"
EndProject
Project("{9A19103F-16F7-4668-BE54-9A1E7A4F7556}") = "ex10", "ex10\ex10.csproj", "{72F78976-3821-43B6-A8D3-1CA66E9223F7}"
EndProject
Project("{9A19103F-16F7-4668-BE54-9A1E7A4F7556}") = "ex11", "ex11\ex11.csproj", "{E43BC7BB-0EBB-493B-A0F1-F309F7EBB330}"
EndProject
Project("{9A19103F-16F7-4668-BE54-9A1E7A4F7556}") = "ex12", "ex12\ex12.csproj", "{D1EA14EC-5A7C-4F18-B08C-E020FD876FC3}"
EndProject
Project("{9A19103F-16F7-4668-BE54-9A1E7A4F7556}") = "ex13", "ex13\ex13.csproj", "{42D39A5B-6DB3-4849-9A8F-640C3FBE907B}"
EndProject
Project("{9A19103F-16F7-4668-BE54-9A1E7A4F7556}") = "ex14", "ex14\ex14.csproj", "{73188C5F-5ADE-45CB-AF79-45C3CF773C9E}"
EndProject
Project("{FAE04EC0-301F-11D3-BF4B-00C04F79EFBC}") = "ex15", "ex15\ex15.csproj", "{1F12100A-69EC-4DDA-AA94-B3EA324D3A78}"
EndProject
Project("{FAE04EC0-301F-11D3-BF4B-00C04F79EFBC}") = "ex16", "ex16\ex16.csproj", "{DA65E154-0394-43AF-A7A5-D1E4E9236727}"
EndProject
Project("{FAE04EC0-301F-11D3-BF4B-00C04F79EFBC}") = "ex17", "ex17\ex17.csproj", "{B1D7A35F-668A-4787-BF65-BF70E6F2ECB7}"
EndProject
Project("{FAE04EC0-301F-11D3-BF4B-00C04F79EFBC}") = "ex18", "ex18\ex18.csproj", "{07B3ECE7-68F5-4FEE-835E-D92F7AEBBDCA}"
EndProject
Project("{FAE04EC0-301F-11D3-BF4B-00C04F79EFBC}") = "ex19", "ex19\ex19.csproj", "{22479782-5B43-4A6F-8BA7-9D5380F71E14}"
EndProject
Global
	GlobalSection(SolutionConfigurationPlatforms) = preSolution
		Debug|Any CPU = Debug|Any CPU
		Release|Any CPU = Release|Any CPU
	EndGlobalSection
	GlobalSection(ProjectConfigurationPlatforms) = postSolution
		{934AF483-7D49-4C6C-91AC-6858183DE693}.Debug|Any CPU.ActiveCfg = Debug|Any CPU
		{934AF483-7D49-4C6C-91AC-6858183DE693}.Debug|Any CPU.Build.0 = Debug|Any CPU
		{934AF483-7D49-4C6C-91AC-6858183DE693}.Release|Any CPU.ActiveCfg = Release|Any CPU
		{934AF483-7D49-4C6C-91AC-6858183DE693}.Release|Any CPU.Build.0 = Release|Any CPU
		{BBAC2AB3-4EA6-4C95-A059-874DF875AE53}.Debug|Any CPU.ActiveCfg = Debug|Any CPU
		{BBAC2AB3-4EA6-4C95-A059-874DF875AE53}.Debug|Any CPU.Build.0 = Debug|Any CPU
		{BBAC2AB3-4EA6-4C95-A059-874DF875AE53}.Release|Any CPU.ActiveCfg = Release|Any CPU
		{BBAC2AB3-4EA6-4C95-A059-874DF875AE53}.Release|Any CPU.Build.0 = Release|Any CPU
		{DA54451C-8DFC-4624-A50F-2E7963ECE506}.Debug|Any CPU.ActiveCfg = Debug|Any CPU
		{DA54451C-8DFC-4624-A50F-2E7963ECE506}.Debug|Any CPU.Build.0 = Debug|Any CPU
		{DA54451C-8DFC-4624-A50F-2E7963ECE506}.Release|Any CPU.ActiveCfg = Release|Any CPU
		{DA54451C-8DFC-4624-A50F-2E7963ECE506}.Release|Any CPU.Build.0 = Release|Any CPU
		{074C2048-8E92-4A35-BAEF-0016FA02CED5}.Debug|Any CPU.ActiveCfg = Debug|Any CPU
		{074C2048-8E92-4A35-BAEF-0016FA02CED5}.Debug|Any CPU.Build.0 = Debug|Any CPU
		{074C2048-8E92-4A35-BAEF-0016FA02CED5}.Release|Any CPU.ActiveCfg = Release|Any CPU
		{074C2048-8E92-4A35-BAEF-0016FA02CED5}.Release|Any CPU.Build.0 = Release|Any CPU
		{81F60BD6-E8DE-41D0-AD83-8E12F2BCBD19}.Debug|Any CPU.ActiveCfg = Debug|Any CPU
		{81F60BD6-E8DE-41D0-AD83-8E12F2BCBD19}.Debug|Any CPU.Build.0 = Debug|Any CPU
		{81F60BD6-E8DE-41D0-AD83-8E12F2BCBD19}.Release|Any CPU.ActiveCfg = Release|Any CPU
		{81F60BD6-E8DE-41D0-AD83-8E12F2BCBD19}.Release|Any CPU.Build.0 = Release|Any CPU
		{5A26DA94-CDB6-4C8F-A210-607A30C27526}.Debug|Any CPU.ActiveCfg = Debug|Any CPU
		{5A26DA94-CDB6-4C8F-A210-607A30C27526}.Debug|Any CPU.Build.0 = Debug|Any CPU
		{5A26DA94-CDB6-4C8F-A210-607A30C27526}.Release|Any CPU.ActiveCfg = Release|Any CPU
		{5A26DA94-CDB6-4C8F-A210-607A30C27526}.Release|Any CPU.Build.0 = Release|Any CPU
		{4FFD581A-7B6C-4625-9FA6-E35F734EBBC2}.Debug|Any CPU.ActiveCfg = Debug|Any CPU
		{4FFD581A-7B6C-4625-9FA6-E35F734EBBC2}.Debug|Any CPU.Build.0 = Debug|Any CPU
		{4FFD581A-7B6C-4625-9FA6-E35F734EBBC2}.Release|Any CPU.ActiveCfg = Release|Any CPU
		{4FFD581A-7B6C-4625-9FA6-E35F734EBBC2}.Release|Any CPU.Build.0 = Release|Any CPU
		{4B3B7DFB-DAFD-49CF-9573-260174429D6D}.Debug|Any CPU.ActiveCfg = Debug|Any CPU
		{4B3B7DFB-DAFD-49CF-9573-260174429D6D}.Debug|Any CPU.Build.0 = Debug|Any CPU
		{4B3B7DFB-DAFD-49CF-9573-260174429D6D}.Release|Any CPU.ActiveCfg = Release|Any CPU
		{4B3B7DFB-DAFD-49CF-9573-260174429D6D}.Release|Any CPU.Build.0 = Release|Any CPU
		{72F78976-3821-43B6-A8D3-1CA66E9223F7}.Debug|Any CPU.ActiveCfg = Debug|Any CPU
		{72F78976-3821-43B6-A8D3-1CA66E9223F7}.Debug|Any CPU.Build.0 = Debug|Any CPU
		{72F78976-3821-43B6-A8D3-1CA66E9223F7}.Release|Any CPU.ActiveCfg = Release|Any CPU
		{72F78976-3821-43B6-A8D3-1CA66E9223F7}.Release|Any CPU.Build.0 = Release|Any CPU
		{E43BC7BB-0EBB-493B-A0F1-F309F7EBB330}.Debug|Any CPU.ActiveCfg = Debug|Any CPU
		{E43BC7BB-0EBB-493B-A0F1-F309F7EBB330}.Debug|Any CPU.Build.0 = Debug|Any CPU
		{E43BC7BB-0EBB-493B-A0F1-F309F7EBB330}.Release|Any CPU.ActiveCfg = Release|Any CPU
		{E43BC7BB-0EBB-493B-A0F1-F309F7EBB330}.Release|Any CPU.Build.0 = Release|Any CPU
		{D1EA14EC-5A7C-4F18-B08C-E020FD876FC3}.Debug|Any CPU.ActiveCfg = Debug|Any CPU
		{D1EA14EC-5A7C-4F18-B08C-E020FD876FC3}.Debug|Any CPU.Build.0 = Debug|Any CPU
		{D1EA14EC-5A7C-4F18-B08C-E020FD876FC3}.Release|Any CPU.ActiveCfg = Release|Any CPU
		{D1EA14EC-5A7C-4F18-B08C-E020FD876FC3}.Release|Any CPU.Build.0 = Release|Any CPU
		{42D39A5B-6DB3-4849-9A8F-640C3FBE907B}.Debug|Any CPU.ActiveCfg = Debug|Any CPU
		{42D39A5B-6DB3-4849-9A8F-640C3FBE907B}.Debug|Any CPU.Build.0 = Debug|Any CPU
		{42D39A5B-6DB3-4849-9A8F-640C3FBE907B}.Release|Any CPU.ActiveCfg = Release|Any CPU
		{42D39A5B-6DB3-4849-9A8F-640C3FBE907B}.Release|Any CPU.Build.0 = Release|Any CPU
		{73188C5F-5ADE-45CB-AF79-45C3CF773C9E}.Debug|Any CPU.ActiveCfg = Debug|Any CPU
		{73188C5F-5ADE-45CB-AF79-45C3CF773C9E}.Debug|Any CPU.Build.0 = Debug|Any CPU
		{73188C5F-5ADE-45CB-AF79-45C3CF773C9E}.Release|Any CPU.ActiveCfg = Release|Any CPU
		{73188C5F-5ADE-45CB-AF79-45C3CF773C9E}.Release|Any CPU.Build.0 = Release|Any CPU
		{1F12100A-69EC-4DDA-AA94-B3EA324D3A78}.Debug|Any CPU.ActiveCfg = Debug|Any CPU
		{1F12100A-69EC-4DDA-AA94-B3EA324D3A78}.Debug|Any CPU.Build.0 = Debug|Any CPU
		{1F12100A-69EC-4DDA-AA94-B3EA324D3A78}.Release|Any CPU.ActiveCfg = Release|Any CPU
		{1F12100A-69EC-4DDA-AA94-B3EA324D3A78}.Release|Any CPU.Build.0 = Release|Any CPU
		{DA65E154-0394-43AF-A7A5-D1E4E9236727}.Debug|Any CPU.ActiveCfg = Debug|Any CPU
		{DA65E154-0394-43AF-A7A5-D1E4E9236727}.Debug|Any CPU.Build.0 = Debug|Any CPU
		{DA65E154-0394-43AF-A7A5-D1E4E9236727}.Release|Any CPU.ActiveCfg = Release|Any CPU
		{DA65E154-0394-43AF-A7A5-D1E4E9236727}.Release|Any CPU.Build.0 = Release|Any CPU
		{B1D7A35F-668A-4787-BF65-BF70E6F2ECB7}.Debug|Any CPU.ActiveCfg = Debug|Any CPU
		{B1D7A35F-668A-4787-BF65-BF70E6F2ECB7}.Debug|Any CPU.Build.0 = Debug|Any CPU
		{B1D7A35F-668A-4787-BF65-BF70E6F2ECB7}.Release|Any CPU.ActiveCfg = Release|Any CPU
		{B1D7A35F-668A-4787-BF65-BF70E6F2ECB7}.Release|Any CPU.Build.0 = Release|Any CPU
		{07B3ECE7-68F5-4FEE-835E-D92F7AEBBDCA}.Debug|Any CPU.ActiveCfg = Debug|Any CPU
		{07B3ECE7-68F5-4FEE-835E-D92F7AEBBDCA}.Debug|Any CPU.Build.0 = Debug|Any CPU
		{07B3ECE7-68F5-4FEE-835E-D92F7AEBBDCA}.Release|Any CPU.ActiveCfg = Release|Any CPU
		{07B3ECE7-68F5-4FEE-835E-D92F7AEBBDCA}.Release|Any CPU.Build.0 = Release|Any CPU
		{22479782-5B43-4A6F-8BA7-9D5380F71E14}.Debug|Any CPU.ActiveCfg = Debug|Any CPU
		{22479782-5B43-4A6F-8BA7-9D5380F71E14}.Debug|Any CPU.Build.0 = Debug|Any CPU
		{22479782-5B43-4A6F-8BA7-9D5380F71E14}.Release|Any CPU.ActiveCfg = Release|Any CPU
		{22479782-5B43-4A6F-8BA7-9D5380F71E14}.Release|Any CPU.Build.0 = Release|Any CPU
	EndGlobalSection
	GlobalSection(SolutionProperties) = preSolution
		HideSolutionNode = FALSE
	EndGlobalSection
	GlobalSection(ExtensibilityGlobals) = postSolution
		SolutionGuid = {9E0F86D0-52CC-4406-B5AE-424691280951}
	EndGlobalSection
EndGlobal
